
Microsoft Visual Studio Solution File, Format Version 12.00
# Visual Studio Version 17
VisualStudioVersion = 17.14.36408.4 d17.14
MinimumVisualStudioVersion = 10.0.40219.1
Project("{FAE04EC0-301F-11D3-BF4B-00C04F79EFBC}") = "SmartOrderSystem", "SmartOrderSystem.csproj", "{BD4ADE48-A850-4B3F-AAA7-639937D836B8}"
EndProject
Global
	GlobalSection(SolutionConfigurationPlatforms) = preSolution
		Debug|Any CPU = Debug|Any CPU
		Release|Any CPU = Release|Any CPU
	EndGlobalSection
	GlobalSection(ProjectConfigurationPlatforms) = postSolution
		{BD4ADE48-A850-4B3F-AAA7-639937D836B8}.Debug|Any CPU.ActiveCfg = Debug|Any CPU
		{BD4ADE48-A850-4B3F-AAA7-639937D836B8}.Debug|Any CPU.Build.0 = Debug|Any CPU
		{BD4ADE48-A850-4B3F-AAA7-639937D836B8}.Release|Any CPU.ActiveCfg = Release|Any CPU
		{BD4ADE48-A850-4B3F-AAA7-639937D836B8}.Release|Any CPU.Build.0 = Release|Any CPU
	EndGlobalSection
	GlobalSection(SolutionProperties) = preSolution
		HideSolutionNode = FALSE
	EndGlobalSection
	GlobalSection(ExtensibilityGlobals) = postSolution
		SolutionGuid = {A33FB5B1-0B21-4C30-8441-A70A83CD3FB7}
	EndGlobalSection
EndGlobal
